
Microsoft Visual Studio Solution File, Format Version 12.00
# Visual Studio Version 16
VisualStudioVersion = 16.0.31402.337
MinimumVisualStudioVersion = 10.0.40219.1
Project("{FAE04EC0-301F-11D3-BF4B-00C04F79EFBC}") = "HaVanPhong_Thuchanh_13052022", "HaVanPhong_Thuchanh_13052022\HaVanPhong_Thuchanh_13052022.csproj", "{FBDD9DFC-47D8-49FA-9549-E3C403F51BAC}"
EndProject
Global
	GlobalSection(SolutionConfigurationPlatforms) = preSolution
		Debug|Any CPU = Debug|Any CPU
		Release|Any CPU = Release|Any CPU
	EndGlobalSection
	GlobalSection(ProjectConfigurationPlatforms) = postSolution
		{FBDD9DFC-47D8-49FA-9549-E3C403F51BAC}.Debug|Any CPU.ActiveCfg = Debug|Any CPU
		{FBDD9DFC-47D8-49FA-9549-E3C403F51BAC}.Debug|Any CPU.Build.0 = Debug|Any CPU
		{FBDD9DFC-47D8-49FA-9549-E3C403F51BAC}.Release|Any CPU.ActiveCfg = Release|Any CPU
		{FBDD9DFC-47D8-49FA-9549-E3C403F51BAC}.Release|Any CPU.Build.0 = Release|Any CPU
	EndGlobalSection
	GlobalSection(SolutionProperties) = preSolution
		HideSolutionNode = FALSE
	EndGlobalSection
	GlobalSection(ExtensibilityGlobals) = postSolution
		SolutionGuid = {5B286972-DCDE-4F1D-9762-F46BD493A8A3}
	EndGlobalSection
EndGlobal
