
Microsoft Visual Studio Solution File, Format Version 12.00
# Visual Studio Version 17
VisualStudioVersion = 17.1.32414.318
MinimumVisualStudioVersion = 10.0.40219.1
Project("{FAE04EC0-301F-11D3-BF4B-00C04F79EFBC}") = "DemoKtra2", "DemoKtra2\DemoKtra2.csproj", "{896BFC5D-7D42-4A21-BDDA-F6004F0E5C4C}"
EndProject
Global
	GlobalSection(SolutionConfigurationPlatforms) = preSolution
		Debug|Any CPU = Debug|Any CPU
		Release|Any CPU = Release|Any CPU
	EndGlobalSection
	GlobalSection(ProjectConfigurationPlatforms) = postSolution
		{896BFC5D-7D42-4A21-BDDA-F6004F0E5C4C}.Debug|Any CPU.ActiveCfg = Debug|Any CPU
		{896BFC5D-7D42-4A21-BDDA-F6004F0E5C4C}.Debug|Any CPU.Build.0 = Debug|Any CPU
		{896BFC5D-7D42-4A21-BDDA-F6004F0E5C4C}.Release|Any CPU.ActiveCfg = Release|Any CPU
		{896BFC5D-7D42-4A21-BDDA-F6004F0E5C4C}.Release|Any CPU.Build.0 = Release|Any CPU
	EndGlobalSection
	GlobalSection(SolutionProperties) = preSolution
		HideSolutionNode = FALSE
	EndGlobalSection
	GlobalSection(ExtensibilityGlobals) = postSolution
		SolutionGuid = {E2E395A5-9A19-4E7D-9F00-DDE80A3FB603}
	EndGlobalSection
EndGlobal
